
Microsoft Visual Studio Solution File, Format Version 10.00
# Visual Studio 2008
Project("{FAE04EC0-301F-11D3-BF4B-00C04F79EFBC}") = "SharpValley", "SharpValley\SharpValley.csproj", "{CA4C397A-3F1B-49D6-9862-773BD4124EC4}"
EndProject
Global
	GlobalSection(SolutionConfigurationPlatforms) = preSolution
		Debug|Any CPU = Debug|Any CPU
		Release|Any CPU = Release|Any CPU
	EndGlobalSection
	GlobalSection(ProjectConfigurationPlatforms) = postSolution
		{CA4C397A-3F1B-49D6-9862-773BD4124EC4}.Debug|Any CPU.ActiveCfg = Debug|Any CPU
		{CA4C397A-3F1B-49D6-9862-773BD4124EC4}.Debug|Any CPU.Build.0 = Debug|Any CPU
		{CA4C397A-3F1B-49D6-9862-773BD4124EC4}.Release|Any CPU.ActiveCfg = Release|Any CPU
		{CA4C397A-3F1B-49D6-9862-773BD4124EC4}.Release|Any CPU.Build.0 = Release|Any CPU
	EndGlobalSection
	GlobalSection(SolutionProperties) = preSolution
		HideSolutionNode = FALSE
	EndGlobalSection
EndGlobal
